
Microsoft Visual Studio Solution File, Format Version 12.00
# Visual Studio 2012
Project("{FAE04EC0-301F-11D3-BF4B-00C04F79EFBC}") = "ModelViewTipada", "ModelViewTipada\ModelViewTipada.csproj", "{C20F1A18-92E6-4C28-B9EF-28E020B55491}"
EndProject
Global
	GlobalSection(SolutionConfigurationPlatforms) = preSolution
		Debug|Any CPU = Debug|Any CPU
		Release|Any CPU = Release|Any CPU
	EndGlobalSection
	GlobalSection(ProjectConfigurationPlatforms) = postSolution
		{C20F1A18-92E6-4C28-B9EF-28E020B55491}.Debug|Any CPU.ActiveCfg = Debug|Any CPU
		{C20F1A18-92E6-4C28-B9EF-28E020B55491}.Debug|Any CPU.Build.0 = Debug|Any CPU
		{C20F1A18-92E6-4C28-B9EF-28E020B55491}.Release|Any CPU.ActiveCfg = Release|Any CPU
		{C20F1A18-92E6-4C28-B9EF-28E020B55491}.Release|Any CPU.Build.0 = Release|Any CPU
	EndGlobalSection
	GlobalSection(SolutionProperties) = preSolution
		HideSolutionNode = FALSE
	EndGlobalSection
EndGlobal
